
Microsoft Visual Studio Solution File, Format Version 12.00
# Visual Studio 15
VisualStudioVersion = 15.0.26430.15
MinimumVisualStudioVersion = 10.0.40219.1
Project("{2150E333-8FDC-42A3-9474-1A3956D46DE8}") = "0 - Presentation", "0 - Presentation", "{9E6B3AE8-5E2F-4490-96FC-CA3F6D9304DA}"
EndProject
Project("{2150E333-8FDC-42A3-9474-1A3956D46DE8}") = "1 - Applications", "1 - Applications", "{25F248AC-C3EA-4984-AA5F-EC503F34A93F}"
EndProject
Project("{2150E333-8FDC-42A3-9474-1A3956D46DE8}") = "2 - Domain", "2 - Domain", "{E4A134B3-2A66-46DA-A9F4-FA3EC10E5CE6}"
EndProject
Project("{2150E333-8FDC-42A3-9474-1A3956D46DE8}") = "3 - Infra", "3 - Infra", "{F0012989-267E-4425-9BB6-8473DDEF5317}"
EndProject
Project("{2150E333-8FDC-42A3-9474-1A3956D46DE8}") = "3.1 - Data", "3.1 - Data", "{9DAE25A6-39A5-4945-BF11-D3F741D43597}"
EndProject
Project("{FAE04EC0-301F-11D3-BF4B-00C04F79EFBC}") = "TPRM.Domain", "TPRM.Domain\TPRM.Domain.csproj", "{6D69BEF4-07A5-4381-873F-67153E2C36A9}"
EndProject
Project("{FAE04EC0-301F-11D3-BF4B-00C04F79EFBC}") = "TPRM.Infra.Data", "TPRM.Infra.Data\TPRM.Infra.Data.csproj", "{592DD3CB-38EA-4096-9A79-9EDA52A3B49E}"
EndProject
Project("{FAE04EC0-301F-11D3-BF4B-00C04F79EFBC}") = "TPRM.Application", "TPRM.Application\TPRM.Application.csproj", "{38DEDCB9-17DC-43BD-A504-074358813469}"
EndProject
Project("{FAE04EC0-301F-11D3-BF4B-00C04F79EFBC}") = "TPRM.MVC", "TPRM.MVC\TPRM.MVC.csproj", "{AE5EF96C-918E-4CD1-B785-AFB99045B8D4}"
EndProject
Global
	GlobalSection(SolutionConfigurationPlatforms) = preSolution
		Debug|Any CPU = Debug|Any CPU
		Release|Any CPU = Release|Any CPU
	EndGlobalSection
	GlobalSection(ProjectConfigurationPlatforms) = postSolution
		{6D69BEF4-07A5-4381-873F-67153E2C36A9}.Debug|Any CPU.ActiveCfg = Debug|Any CPU
		{6D69BEF4-07A5-4381-873F-67153E2C36A9}.Debug|Any CPU.Build.0 = Debug|Any CPU
		{6D69BEF4-07A5-4381-873F-67153E2C36A9}.Release|Any CPU.ActiveCfg = Release|Any CPU
		{6D69BEF4-07A5-4381-873F-67153E2C36A9}.Release|Any CPU.Build.0 = Release|Any CPU
		{592DD3CB-38EA-4096-9A79-9EDA52A3B49E}.Debug|Any CPU.ActiveCfg = Debug|Any CPU
		{592DD3CB-38EA-4096-9A79-9EDA52A3B49E}.Debug|Any CPU.Build.0 = Debug|Any CPU
		{592DD3CB-38EA-4096-9A79-9EDA52A3B49E}.Release|Any CPU.ActiveCfg = Release|Any CPU
		{592DD3CB-38EA-4096-9A79-9EDA52A3B49E}.Release|Any CPU.Build.0 = Release|Any CPU
		{38DEDCB9-17DC-43BD-A504-074358813469}.Debug|Any CPU.ActiveCfg = Debug|Any CPU
		{38DEDCB9-17DC-43BD-A504-074358813469}.Debug|Any CPU.Build.0 = Debug|Any CPU
		{38DEDCB9-17DC-43BD-A504-074358813469}.Release|Any CPU.ActiveCfg = Release|Any CPU
		{38DEDCB9-17DC-43BD-A504-074358813469}.Release|Any CPU.Build.0 = Release|Any CPU
		{AE5EF96C-918E-4CD1-B785-AFB99045B8D4}.Debug|Any CPU.ActiveCfg = Debug|Any CPU
		{AE5EF96C-918E-4CD1-B785-AFB99045B8D4}.Debug|Any CPU.Build.0 = Debug|Any CPU
		{AE5EF96C-918E-4CD1-B785-AFB99045B8D4}.Release|Any CPU.ActiveCfg = Release|Any CPU
		{AE5EF96C-918E-4CD1-B785-AFB99045B8D4}.Release|Any CPU.Build.0 = Release|Any CPU
	EndGlobalSection
	GlobalSection(SolutionProperties) = preSolution
		HideSolutionNode = FALSE
	EndGlobalSection
	GlobalSection(NestedProjects) = preSolution
		{9DAE25A6-39A5-4945-BF11-D3F741D43597} = {F0012989-267E-4425-9BB6-8473DDEF5317}
		{6D69BEF4-07A5-4381-873F-67153E2C36A9} = {E4A134B3-2A66-46DA-A9F4-FA3EC10E5CE6}
		{592DD3CB-38EA-4096-9A79-9EDA52A3B49E} = {9DAE25A6-39A5-4945-BF11-D3F741D43597}
		{38DEDCB9-17DC-43BD-A504-074358813469} = {25F248AC-C3EA-4984-AA5F-EC503F34A93F}
		{AE5EF96C-918E-4CD1-B785-AFB99045B8D4} = {9E6B3AE8-5E2F-4490-96FC-CA3F6D9304DA}
	EndGlobalSection
EndGlobal
